{
  "version": 4,
  "terraform_version": "1.6.1",
  "serial": 6,
  "lineage": "4360e22d-2093-e64b-5223-18bc1f07029a",
  "outputs": {},
  "resources": [
    {
      "mode": "managed",
      "type": "azurerm_application_gateway",
      "name": "appgw",
      "provider": "provider[\"registry.terraform.io/hashicorp/azurerm\"]",
      "instances": [
        {
          "schema_version": 0,
          "attributes": {
            "authentication_certificate": [],
            "autoscale_configuration": [],
            "backend_address_pool": [
              {
                "fqdns": [],
                "id": "/subscriptions/ad4bb360-da20-4e8d-ab1b-7ad25c72173a/resourceGroups/rg-Application-gw/providers/Microsoft.Network/applicationGateways/appgw-prod/backendAddressPools/bkpool-app-gw",
                "ip_addresses": [],
                "name": "bkpool-app-gw"
              }
            ],
            "backend_http_settings": [
              {
                "affinity_cookie_name": "",
                "authentication_certificate": [],
                "connection_draining": [],
                "cookie_based_affinity": "Disabled",
                "host_name": "",
                "id": "/subscriptions/ad4bb360-da20-4e8d-ab1b-7ad25c72173a/resourceGroups/rg-Application-gw/providers/Microsoft.Network/applicationGateways/appgw-prod/backendHttpSettingsCollection/http-app-gw",
                "name": "http-app-gw",
                "path": "/path1/",
                "pick_host_name_from_backend_address": false,
                "port": 80,
                "probe_id": "",
                "probe_name": "",
                "protocol": "Http",
                "request_timeout": 60,
                "trusted_root_certificate_names": []
              }
            ],
            "custom_error_configuration": [],
            "enable_http2": false,
            "fips_enabled": false,
            "firewall_policy_id": "",
            "force_firewall_policy_association": false,
            "frontend_ip_configuration": [
              {
                "id": "/subscriptions/ad4bb360-da20-4e8d-ab1b-7ad25c72173a/resourceGroups/rg-Application-gw/providers/Microsoft.Network/applicationGateways/appgw-prod/frontendIPConfigurations/frontend-ipname",
                "name": "frontend-ipname",
                "private_ip_address": "",
                "private_ip_address_allocation": "Dynamic",
                "private_link_configuration_id": "",
                "private_link_configuration_name": "",
                "public_ip_address_id": "/subscriptions/ad4bb360-da20-4e8d-ab1b-7ad25c72173a/resourceGroups/rg-Application-gw/providers/Microsoft.Network/publicIPAddresses/pip-Appilication-gw",
                "subnet_id": ""
              }
            ],
            "frontend_port": [
              {
                "id": "/subscriptions/ad4bb360-da20-4e8d-ab1b-7ad25c72173a/resourceGroups/rg-Application-gw/providers/Microsoft.Network/applicationGateways/appgw-prod/frontendPorts/frontend-appgw",
                "name": "frontend-appgw",
                "port": 80
              }
            ],
            "gateway_ip_configuration": [
              {
                "id": "/subscriptions/ad4bb360-da20-4e8d-ab1b-7ad25c72173a/resourceGroups/rg-Application-gw/providers/Microsoft.Network/applicationGateways/appgw-prod/gatewayIPConfigurations/ipconfig-appgw",
                "name": "ipconfig-appgw",
                "subnet_id": "/subscriptions/ad4bb360-da20-4e8d-ab1b-7ad25c72173a/resourceGroups/rg-Application-gw/providers/Microsoft.Network/virtualNetworks/vnet-Application-GW/subnets/subnet-Application-gw"
              }
            ],
            "global": [],
            "http_listener": [
              {
                "custom_error_configuration": [],
                "firewall_policy_id": "",
                "frontend_ip_configuration_id": "/subscriptions/ad4bb360-da20-4e8d-ab1b-7ad25c72173a/resourceGroups/rg-Application-gw/providers/Microsoft.Network/applicationGateways/appgw-prod/frontendIPConfigurations/frontend-ipname",
                "frontend_ip_configuration_name": "frontend-ipname",
                "frontend_port_id": "/subscriptions/ad4bb360-da20-4e8d-ab1b-7ad25c72173a/resourceGroups/rg-Application-gw/providers/Microsoft.Network/applicationGateways/appgw-prod/frontendPorts/frontend-appgw",
                "frontend_port_name": "frontend-appgw",
                "host_name": "",
                "host_names": [],
                "id": "/subscriptions/ad4bb360-da20-4e8d-ab1b-7ad25c72173a/resourceGroups/rg-Application-gw/providers/Microsoft.Network/applicationGateways/appgw-prod/httpListeners/listner-app-gw",
                "name": "listner-app-gw",
                "protocol": "Http",
                "require_sni": false,
                "ssl_certificate_id": "",
                "ssl_certificate_name": "",
                "ssl_profile_id": "",
                "ssl_profile_name": ""
              }
            ],
            "id": "/subscriptions/ad4bb360-da20-4e8d-ab1b-7ad25c72173a/resourceGroups/rg-Application-gw/providers/Microsoft.Network/applicationGateways/appgw-prod",
            "identity": [],
            "location": "centralindia",
            "name": "appgw-prod",
            "private_endpoint_connection": [],
            "private_link_configuration": [],
            "probe": [],
            "redirect_configuration": [],
            "request_routing_rule": [
              {
                "backend_address_pool_id": "/subscriptions/ad4bb360-da20-4e8d-ab1b-7ad25c72173a/resourceGroups/rg-Application-gw/providers/Microsoft.Network/applicationGateways/appgw-prod/backendAddressPools/bkpool-app-gw",
                "backend_address_pool_name": "bkpool-app-gw",
                "backend_http_settings_id": "/subscriptions/ad4bb360-da20-4e8d-ab1b-7ad25c72173a/resourceGroups/rg-Application-gw/providers/Microsoft.Network/applicationGateways/appgw-prod/backendHttpSettingsCollection/http-app-gw",
                "backend_http_settings_name": "http-app-gw",
                "http_listener_id": "/subscriptions/ad4bb360-da20-4e8d-ab1b-7ad25c72173a/resourceGroups/rg-Application-gw/providers/Microsoft.Network/applicationGateways/appgw-prod/httpListeners/listner-app-gw",
                "http_listener_name": "listner-app-gw",
                "id": "/subscriptions/ad4bb360-da20-4e8d-ab1b-7ad25c72173a/resourceGroups/rg-Application-gw/providers/Microsoft.Network/applicationGateways/appgw-prod/requestRoutingRules/lis-rule-app-gw",
                "name": "lis-rule-app-gw",
                "priority": 1,
                "redirect_configuration_id": "",
                "redirect_configuration_name": "",
                "rewrite_rule_set_id": "",
                "rewrite_rule_set_name": "",
                "rule_type": "Basic",
                "url_path_map_id": "",
                "url_path_map_name": ""
              }
            ],
            "resource_group_name": "rg-Application-gw",
            "rewrite_rule_set": [],
            "sku": [
              {
                "capacity": 2,
                "name": "Standard_v2",
                "tier": "Standard_v2"
              }
            ],
            "ssl_certificate": [],
            "ssl_policy": [
              {
                "cipher_suites": [],
                "disabled_protocols": [],
                "min_protocol_version": "",
                "policy_name": "AppGwSslPolicy20150501",
                "policy_type": "Predefined"
              }
            ],
            "ssl_profile": [],
            "tags": null,
            "timeouts": null,
            "trusted_client_certificate": [],
            "trusted_root_certificate": [],
            "url_path_map": [],
            "waf_configuration": [],
            "zones": null
          },
          "sensitive_attributes": [],
          "private": "eyJlMmJmYjczMC1lY2FhLTExZTYtOGY4OC0zNDM2M2JjN2M0YzAiOnsiY3JlYXRlIjo1NDAwMDAwMDAwMDAwLCJkZWxldGUiOjU0MDAwMDAwMDAwMDAsInJlYWQiOjMwMDAwMDAwMDAwMCwidXBkYXRlIjo1NDAwMDAwMDAwMDAwfX0=",
          "dependencies": [
            "azurerm_public_ip.appgw",
            "azurerm_resource_group.appgw",
            "azurerm_subnet.appgw",
            "azurerm_virtual_network.appgw"
          ]
        }
      ]
    },
    {
      "mode": "managed",
      "type": "azurerm_public_ip",
      "name": "appgw",
      "provider": "provider[\"registry.terraform.io/hashicorp/azurerm\"]",
      "instances": [
        {
          "schema_version": 0,
          "attributes": {
            "allocation_method": "Static",
            "ddos_protection_mode": "VirtualNetworkInherited",
            "ddos_protection_plan_id": null,
            "domain_name_label": null,
            "edge_zone": "",
            "fqdn": null,
            "id": "/subscriptions/ad4bb360-da20-4e8d-ab1b-7ad25c72173a/resourceGroups/rg-Application-gw/providers/Microsoft.Network/publicIPAddresses/pip-Appilication-gw",
            "idle_timeout_in_minutes": 4,
            "ip_address": "74.225.130.102",
            "ip_tags": null,
            "ip_version": "IPv4",
            "location": "centralindia",
            "name": "pip-Appilication-gw",
            "public_ip_prefix_id": null,
            "resource_group_name": "rg-Application-gw",
            "reverse_fqdn": null,
            "sku": "Standard",
            "sku_tier": "Regional",
            "tags": null,
            "timeouts": null,
            "zones": null
          },
          "sensitive_attributes": [],
          "private": "eyJlMmJmYjczMC1lY2FhLTExZTYtOGY4OC0zNDM2M2JjN2M0YzAiOnsiY3JlYXRlIjoxODAwMDAwMDAwMDAwLCJkZWxldGUiOjE4MDAwMDAwMDAwMDAsInJlYWQiOjMwMDAwMDAwMDAwMCwidXBkYXRlIjoxODAwMDAwMDAwMDAwfX0=",
          "dependencies": [
            "azurerm_resource_group.appgw"
          ]
        }
      ]
    },
    {
      "mode": "managed",
      "type": "azurerm_resource_group",
      "name": "appgw",
      "provider": "provider[\"registry.terraform.io/hashicorp/azurerm\"]",
      "instances": [
        {
          "schema_version": 0,
          "attributes": {
            "id": "/subscriptions/ad4bb360-da20-4e8d-ab1b-7ad25c72173a/resourceGroups/rg-Application-gw",
            "location": "centralindia",
            "managed_by": "",
            "name": "rg-Application-gw",
            "tags": null,
            "timeouts": null
          },
          "sensitive_attributes": [],
          "private": "eyJlMmJmYjczMC1lY2FhLTExZTYtOGY4OC0zNDM2M2JjN2M0YzAiOnsiY3JlYXRlIjo1NDAwMDAwMDAwMDAwLCJkZWxldGUiOjU0MDAwMDAwMDAwMDAsInJlYWQiOjMwMDAwMDAwMDAwMCwidXBkYXRlIjo1NDAwMDAwMDAwMDAwfX0="
        }
      ]
    },
    {
      "mode": "managed",
      "type": "azurerm_subnet",
      "name": "appgw",
      "provider": "provider[\"registry.terraform.io/hashicorp/azurerm\"]",
      "instances": [
        {
          "schema_version": 0,
          "attributes": {
            "address_prefixes": [
              "10.254.0.0/24"
            ],
            "delegation": [],
            "enforce_private_link_endpoint_network_policies": false,
            "enforce_private_link_service_network_policies": false,
            "id": "/subscriptions/ad4bb360-da20-4e8d-ab1b-7ad25c72173a/resourceGroups/rg-Application-gw/providers/Microsoft.Network/virtualNetworks/vnet-Application-GW/subnets/subnet-Application-gw",
            "name": "subnet-Application-gw",
            "private_endpoint_network_policies": "Enabled",
            "private_endpoint_network_policies_enabled": true,
            "private_link_service_network_policies_enabled": true,
            "resource_group_name": "rg-Application-gw",
            "service_endpoint_policy_ids": null,
            "service_endpoints": null,
            "timeouts": null,
            "virtual_network_name": "vnet-Application-GW"
          },
          "sensitive_attributes": [],
          "private": "eyJlMmJmYjczMC1lY2FhLTExZTYtOGY4OC0zNDM2M2JjN2M0YzAiOnsiY3JlYXRlIjoxODAwMDAwMDAwMDAwLCJkZWxldGUiOjE4MDAwMDAwMDAwMDAsInJlYWQiOjMwMDAwMDAwMDAwMCwidXBkYXRlIjoxODAwMDAwMDAwMDAwfX0=",
          "dependencies": [
            "azurerm_resource_group.appgw",
            "azurerm_virtual_network.appgw"
          ]
        }
      ]
    },
    {
      "mode": "managed",
      "type": "azurerm_virtual_network",
      "name": "appgw",
      "provider": "provider[\"registry.terraform.io/hashicorp/azurerm\"]",
      "instances": [
        {
          "schema_version": 0,
          "attributes": {
            "address_space": [
              "10.254.0.0/16"
            ],
            "bgp_community": "",
            "ddos_protection_plan": [],
            "dns_servers": [],
            "edge_zone": "",
            "encryption": [],
            "flow_timeout_in_minutes": 0,
            "guid": "178293b2-45d8-4e07-851e-0a1fe59d0580",
            "id": "/subscriptions/ad4bb360-da20-4e8d-ab1b-7ad25c72173a/resourceGroups/rg-Application-gw/providers/Microsoft.Network/virtualNetworks/vnet-Application-GW",
            "location": "centralindia",
            "name": "vnet-Application-GW",
            "resource_group_name": "rg-Application-gw",
            "subnet": [],
            "tags": null,
            "timeouts": null
          },
          "sensitive_attributes": [],
          "private": "eyJlMmJmYjczMC1lY2FhLTExZTYtOGY4OC0zNDM2M2JjN2M0YzAiOnsiY3JlYXRlIjoxODAwMDAwMDAwMDAwLCJkZWxldGUiOjE4MDAwMDAwMDAwMDAsInJlYWQiOjMwMDAwMDAwMDAwMCwidXBkYXRlIjoxODAwMDAwMDAwMDAwfX0=",
          "dependencies": [
            "azurerm_resource_group.appgw"
          ]
        }
      ]
    }
  ],
  "check_results": null
}
